// !$*UTF8*$!
{
	archiveVersion = 1;
	classes = {
	};
	objectVersion = 48;
	objects = {

/* Begin PBXBuildFile section */
		CC797EF51FD143A900BF0EB1 /* AppDelegate.m in Sources */ = {isa = PBXBuildFile; fileRef = CC797EF41FD143A900BF0EB1 /* AppDelegate.m */; };
		CC797EF81FD143A900BF0EB1 /* ViewController.m in Sources */ = {isa = PBXBuildFile; fileRef = CC797EF71FD143A900BF0EB1 /* ViewController.m */; };
		CC797EFB1FD143A900BF0EB1 /* Main.storyboard in Resources */ = {isa = PBXBuildFile; fileRef = CC797EF91FD143A900BF0EB1 /* Main.storyboard */; };
		CC797EFD1FD143A900BF0EB1 /* Assets.xcassets in Resources */ = {isa = PBXBuildFile; fileRef = CC797EFC1FD143A900BF0EB1 /* Assets.xcassets */; };
		CC797F001FD143A900BF0EB1 /* LaunchScreen.storyboard in Resources */ = {isa = PBXBuildFile; fileRef = CC797EFE1FD143A900BF0EB1 /* LaunchScreen.storyboard */; };
		CC797F031FD143A900BF0EB1 /* main.m in Sources */ = {isa = PBXBuildFile; fileRef = CC797F021FD143A900BF0EB1 /* main.m */; };
		DDCF1AD401DFD0AC76C6CC71 /* libPods-LYSKitSDKTest.a in Frameworks */ = {isa = PBXBuildFile; fileRef = C47D5775895251097456945D /* libPods-LYSKitSDKTest.a */; };
/* End PBXBuildFile section */

/* Begin PBXFileReference section */
		87E8EEEFAD24D09B6B01A6F6 /* Pods-LYSKitSDKTest.release.xcconfig */ = {isa = PBXFileReference; includeInIndex = 1; lastKnownFileType = text.xcconfig; name = "Pods-LYSKitSDKTest.release.xcconfig"; path = "Pods/Target Support Files/Pods-LYSKitSDKTest/Pods-LYSKitSDKTest.release.xcconfig"; sourceTree = "<group>"; };
		8F07D260D10670C5B768A30E /* Pods-LYSKitSDKTest.debug.xcconfig */ = {isa = PBXFileReference; includeInIndex = 1; lastKnownFileType = text.xcconfig; name = "Pods-LYSKitSDKTest.debug.xcconfig"; path = "Pods/Target Support Files/Pods-LYSKitSDKTest/Pods-LYSKitSDKTest.debug.xcconfig"; sourceTree = "<group>"; };
		C47D5775895251097456945D /* libPods-LYSKitSDKTest.a */ = {isa = PBXFileReference; explicitFileType = archive.ar; includeInIndex = 0; path = "libPods-LYSKitSDKTest.a"; sourceTree = BUILT_PRODUCTS_DIR; };
		CC797EF01FD143A900BF0EB1 /* LYSKitSDKTest.app */ = {isa = PBXFileReference; explicitFileType = wrapper.application; includeInIndex = 0; path = LYSKitSDKTest.app; sourceTree = BUILT_PRODUCTS_DIR; };
		CC797EF31FD143A900BF0EB1 /* AppDelegate.h */ = {isa = PBXFileReference; lastKnownFileType = sourcecode.c.h; path = AppDelegate.h; sourceTree = "<group>"; };
		CC797EF41FD143A900BF0EB1 /* AppDelegate.m */ = {isa = PBXFileReference; lastKnownFileType = sourcecode.c.objc; path = AppDelegate.m; sourceTree = "<group>"; };
		CC797EF61FD143A900BF0EB1 /* ViewController.h */ = {isa = PBXFileReference; lastKnownFileType = sourcecode.c.h; path = ViewController.h; sourceTree = "<group>"; };
		CC797EF71FD143A900BF0EB1 /* ViewController.m */ = {isa = PBXFileReference; lastKnownFileType = sourcecode.c.objc; path = ViewController.m; sourceTree = "<group>"; };
		CC797EFA1FD143A900BF0EB1 /* Base */ = {isa = PBXFileReference; lastKnownFileType = file.storyboard; name = Base; path = Base.lproj/Main.storyboard; sourceTree = "<group>"; };
		CC797EFC1FD143A900BF0EB1 /* Assets.xcassets */ = {isa = PBXFileReference; lastKnownFileType = folder.assetcatalog; path = Assets.xcassets; sourceTree = "<group>"; };
		CC797EFF1FD143A900BF0EB1 /* Base */ = {isa = PBXFileReference; lastKnownFileType = file.storyboard; name = Base; path = Base.lproj/LaunchScreen.storyboard; sourceTree = "<group>"; };
		CC797F011FD143A900BF0EB1 /* Info.plist */ = {isa = PBXFileReference; lastKnownFileType = text.plist.xml; path = Info.plist; sourceTree = "<group>"; };
		CC797F021FD143A900BF0EB1 /* main.m */ = {isa = PBXFileReference; lastKnownFileType = sourcecode.c.objc; path = main.m; sourceTree = "<group>"; };
/* End PBXFileReference section */

/* Begin PBXFrameworksBuildPhase section */
		CC797EED1FD143A900BF0EB1 /* Frameworks */ = {
			isa = PBXFrameworksBuildPhase;
			buildActionMask = 2147483647;
			files = (
				DDCF1AD401DFD0AC76C6CC71 /* libPods-LYSKitSDKTest.a in Frameworks */,
			);
			runOnlyForDeploymentPostprocessing = 0;
		};
/* End PBXFrameworksBuildPhase section */

/* Begin PBXGroup section */
		1D6452B401B88C7EFD56BDFB /* Pods */ = {
			isa = PBXGroup;
			children = (
				8F07D260D10670C5B768A30E /* Pods-LYSKitSDKTest.debug.xcconfig */,
				87E8EEEFAD24D09B6B01A6F6 /* Pods-LYSKitSDKTest.release.xcconfig */,
			);
			name = Pods;
			sourceTree = "<group>";
		};
		BDA49540D5A25667080A818D /* Frameworks */ = {
			isa = PBXGroup;
			children = (
				C47D5775895251097456945D /* libPods-LYSKitSDKTest.a */,
			);
			name = Frameworks;
			sourceTree = "<group>";
		};
		CC797EE71FD143A900BF0EB1 = {
			isa = PBXGroup;
			children = (
				CC797EF21FD143A900BF0EB1 /* LYSKitSDKTest */,
				CC797EF11FD143A900BF0EB1 /* Products */,
				1D6452B401B88C7EFD56BDFB /* Pods */,
				BDA49540D5A25667080A818D /* Frameworks */,
			);
			sourceTree = "<group>";
		};
		CC797EF11FD143A900BF0EB1 /* Products */ = {
			isa = PBXGroup;
			children = (
				CC797EF01FD143A900BF0EB1 /* LYSKitSDKTest.app */,
			);
			name = Products;
			sourceTree = "<group>";
		};
		CC797EF21FD143A900BF0EB1 /* LYSKitSDKTest */ = {
			isa = PBXGroup;
			children = (
				CC797EF31FD143A900BF0EB1 /* AppDelegate.h */,
				CC797EF41FD143A900BF0EB1 /* AppDelegate.m */,
				CC797EF61FD143A900BF0EB1 /* ViewController.h */,
				CC797EF71FD143A900BF0EB1 /* ViewController.m */,
				CC797EF91FD143A900BF0EB1 /* Main.storyboard */,
				CC797EFC1FD143A900BF0EB1 /* Assets.xcassets */,
				CC797EFE1FD143A900BF0EB1 /* LaunchScreen.storyboard */,
				CC797F011FD143A900BF0EB1 /* Info.plist */,
				CC797F021FD143A900BF0EB1 /* main.m */,
			);
			path = LYSKitSDKTest;
			sourceTree = "<group>";
		};
/* End PBXGroup section */

/* Begin PBXNativeTarget section */
		CC797EEF1FD143A900BF0EB1 /* LYSKitSDKTest */ = {
			isa = PBXNativeTarget;
			buildConfigurationList = CC797F061FD143A900BF0EB1 /* Build configuration list for PBXNativeTarget "LYSKitSDKTest" */;
			buildPhases = (
				3352F0CBF3B06119A2A2C0A4 /* [CP] Check Pods Manifest.lock */,
				CC797EEC1FD143A900BF0EB1 /* Sources */,
				CC797EED1FD143A900BF0EB1 /* Frameworks */,
				CC797EEE1FD143A900BF0EB1 /* Resources */,
				096C02456434097ED66AD59E /* [CP] Embed Pods Frameworks */,
				F497AD06CFE10715B7967D26 /* [CP] Copy Pods Resources */,
			);
			buildRules = (
			);
			dependencies = (
			);
			name = LYSKitSDKTest;
			productName = LYSKitSDKTest;
			productReference = CC797EF01FD143A900BF0EB1 /* LYSKitSDKTest.app */;
			productType = "com.apple.product-type.application";
		};
/* End PBXNativeTarget section */

/* Begin PBXProject section */
		CC797EE81FD143A900BF0EB1 /* Project object */ = {
			isa = PBXProject;
			attributes = {
				LastUpgradeCheck = 0910;
				ORGANIZATIONNAME = HENAN;
				TargetAttributes = {
					CC797EEF1FD143A900BF0EB1 = {
						CreatedOnToolsVersion = 9.1;
						ProvisioningStyle = Manual;
					};
				};
			};
			buildConfigurationList = CC797EEB1FD143A900BF0EB1 /* Build configuration list for PBXProject "LYSKitSDKTest" */;
			compatibilityVersion = "Xcode 8.0";
			developmentRegion = en;
			hasScannedForEncodings = 0;
			knownRegions = (
				en,
				Base,
			);
			mainGroup = CC797EE71FD143A900BF0EB1;
			productRefGroup = CC797EF11FD143A900BF0EB1 /* Products */;
			projectDirPath = "";
			projectRoot = "";
			targets = (
				CC797EEF1FD143A900BF0EB1 /* LYSKitSDKTest */,
			);
		};
/* End PBXProject section */

/* Begin PBXResourcesBuildPhase section */
		CC797EEE1FD143A900BF0EB1 /* Resources */ = {
			isa = PBXResourcesBuildPhase;
			buildActionMask = 2147483647;
			files = (
				CC797F001FD143A900BF0EB1 /* LaunchScreen.storyboard in Resources */,
				CC797EFD1FD143A900BF0EB1 /* Assets.xcassets in Resources */,
				CC797EFB1FD143A900BF0EB1 /* Main.storyboard in Resources */,
			);
			runOnlyForDeploymentPostprocessing = 0;
		};
/* End PBXResourcesBuildPhase section */

/* Begin PBXShellScriptBuildPhase section */
		096C02456434097ED66AD59E /* [CP] Embed Pods Frameworks */ = {
			isa = PBXShellScriptBuildPhase;
			buildActionMask = 2147483647;
			files = (
			);
			inputPaths = (
			);
			name = "[CP] Embed Pods Frameworks";
			outputPaths = (
			);
			runOnlyForDeploymentPostprocessing = 0;
			shellPath = /bin/sh;
			shellScript = "\"${SRCROOT}/Pods/Target Support Files/Pods-LYSKitSDKTest/Pods-LYSKitSDKTest-frameworks.sh\"\n";
			showEnvVarsInLog = 0;
		};
		3352F0CBF3B06119A2A2C0A4 /* [CP] Check Pods Manifest.lock */ = {
			isa = PBXShellScriptBuildPhase;
			buildActionMask = 2147483647;
			files = (
			);
			inputPaths = (
				"${PODS_PODFILE_DIR_PATH}/Podfile.lock",
				"${PODS_ROOT}/Manifest.lock",
			);
			name = "[CP] Check Pods Manifest.lock";
			outputPaths = (
				"$(DERIVED_FILE_DIR)/Pods-LYSKitSDKTest-checkManifestLockResult.txt",
			);
			runOnlyForDeploymentPostprocessing = 0;
			shellPath = /bin/sh;
			shellScript = "diff \"${PODS_PODFILE_DIR_PATH}/Podfile.lock\" \"${PODS_ROOT}/Manifest.lock\" > /dev/null\nif [ $? != 0 ] ; then\n    # print error to STDERR\n    echo \"error: The sandbox is not in sync with the Podfile.lock. Run 'pod install' or update your CocoaPods installation.\" >&2\n    exit 1\nfi\n# This output is used by Xcode 'outputs' to avoid re-running this script phase.\necho \"SUCCESS\" > \"${SCRIPT_OUTPUT_FILE_0}\"\n";
			showEnvVarsInLog = 0;
		};
		F497AD06CFE10715B7967D26 /* [CP] Copy Pods Resources */ = {
			isa = PBXShellScriptBuildPhase;
			buildActionMask = 2147483647;
			files = (
			);
			inputPaths = (
			);
			name = "[CP] Copy Pods Resources";
			outputPaths = (
			);
			runOnlyForDeploymentPostprocessing = 0;
			shellPath = /bin/sh;
			shellScript = "\"${SRCROOT}/Pods/Target Support Files/Pods-LYSKitSDKTest/Pods-LYSKitSDKTest-resources.sh\"\n";
			showEnvVarsInLog = 0;
		};
/* End PBXShellScriptBuildPhase section */

/* Begin PBXSourcesBuildPhase section */
		CC797EEC1FD143A900BF0EB1 /* Sources */ = {
			isa = PBXSourcesBuildPhase;
			buildActionMask = 2147483647;
			files = (
				CC797EF81FD143A900BF0EB1 /* ViewController.m in Sources */,
				CC797F031FD143A900BF0EB1 /* main.m in Sources */,
				CC797EF51FD143A900BF0EB1 /* AppDelegate.m in Sources */,
			);
			runOnlyForDeploymentPostprocessing = 0;
		};
/* End PBXSourcesBuildPhase section */

/* Begin PBXVariantGroup section */
		CC797EF91FD143A900BF0EB1 /* Main.storyboard */ = {
			isa = PBXVariantGroup;
			children = (
				CC797EFA1FD143A900BF0EB1 /* Base */,
			);
			name = Main.storyboard;
			sourceTree = "<group>";
		};
		CC797EFE1FD143A900BF0EB1 /* LaunchScreen.storyboard */ = {
			isa = PBXVariantGroup;
			children = (
				CC797EFF1FD143A900BF0EB1 /* Base */,
			);
			name = LaunchScreen.storyboard;
			sourceTree = "<group>";
		};
/* End PBXVariantGroup section */

/* Begin XCBuildConfiguration section */
		CC797F041FD143A900BF0EB1 /* Debug */ = {
			isa = XCBuildConfiguration;
			buildSettings = {
				ALWAYS_SEARCH_USER_PATHS = NO;
				CLANG_ANALYZER_NONNULL = YES;
				CLANG_ANALYZER_NUMBER_OBJECT_CONVERSION = YES_AGGRESSIVE;
				CLANG_CXX_LANGUAGE_STANDARD = "gnu++14";
				CLANG_CXX_LIBRARY = "libc++";
				CLANG_ENABLE_MODULES = YES;
				CLANG_ENABLE_OBJC_ARC = YES;
				CLANG_WARN_BLOCK_CAPTURE_AUTORELEASING = YES;
				CLANG_WARN_BOOL_CONVERSION = YES;
				CLANG_WARN_COMMA = YES;
				CLANG_WARN_CONSTANT_CONVERSION = YES;
				CLANG_WARN_DIRECT_OBJC_ISA_USAGE = YES_ERROR;
				CLANG_WARN_DOCUMENTATION_COMMENTS = YES;
				CLANG_WARN_EMPTY_BODY = YES;
				CLANG_WARN_ENUM_CONVERSION = YES;
				CLANG_WARN_INFINITE_RECURSION = YES;
				CLANG_WARN_INT_CONVERSION = YES;
				CLANG_WARN_NON_LITERAL_NULL_CONVERSION = YES;
				CLANG_WARN_OBJC_LITERAL_CONVERSION = YES;
				CLANG_WARN_OBJC_ROOT_CLASS = YES_ERROR;
				CLANG_WARN_RANGE_LOOP_ANALYSIS = YES;
				CLANG_WARN_STRICT_PROTOTYPES = YES;
				CLANG_WARN_SUSPICIOUS_MOVE = YES;
				CLANG_WARN_UNGUARDED_AVAILABILITY = YES_AGGRESSIVE;
				CLANG_WARN_UNREACHABLE_CODE = YES;
				CLANG_WARN__DUPLICATE_METHOD_MATCH = YES;
				CODE_SIGN_IDENTITY = "iPhone Developer";
				COPY_PHASE_STRIP = NO;
				DEBUG_INFORMATION_FORMAT = dwarf;
				ENABLE_STRICT_OBJC_MSGSEND = YES;
				ENABLE_TESTABILITY = YES;
				GCC_C_LANGUAGE_STANDARD = gnu11;
				GCC_DYNAMIC_NO_PIC = NO;
				GCC_NO_COMMON_BLOCKS = YES;
				GCC_OPTIMIZATION_LEVEL = 0;
				GCC_PREPROCESSOR_DEFINITIONS = (
					"DEBUG=1",
					"$(inherited)",
				);
				GCC_WARN_64_TO_32_BIT_CONVERSION = YES;
				GCC_WARN_ABOUT_RETURN_TYPE = YES_ERROR;
				GCC_WARN_UNDECLARED_SELECTOR = YES;
				GCC_WARN_UNINITIALIZED_AUTOS = YES_AGGRESSIVE;
				GCC_WARN_UNUSED_FUNCTION = YES;
				GCC_WARN_UNUSED_VARIABLE = YES;
				IPHONEOS_DEPLOYMENT_TARGET = 11.1;
				MTL_ENABLE_DEBUG_INFO = YES;
				ONLY_ACTIVE_ARCH = YES;
				SDKROOT = iphoneos;
			};
			name = Debug;
		};
		CC797F051FD143A900BF0EB1 /* Release */ = {
			isa = XCBuildConfiguration;
			buildSettings = {
				ALWAYS_SEARCH_USER_PATHS = NO;
				CLANG_ANALYZER_NONNULL = YES;
				CLANG_ANALYZER_NUMBER_OBJECT_CONVERSION = YES_AGGRESSIVE;
				CLANG_CXX_LANGUAGE_STANDARD = "gnu++14";
				CLANG_CXX_LIBRARY = "libc++";
				CLANG_ENABLE_MODULES = YES;
				CLANG_ENABLE_OBJC_ARC = YES;
				CLANG_WARN_BLOCK_CAPTURE_AUTORELEASING = YES;
				CLANG_WARN_BOOL_CONVERSION = YES;
				CLANG_WARN_COMMA = YES;
				CLANG_WARN_CONSTANT_CONVERSION = YES;
				CLANG_WARN_DIRECT_OBJC_ISA_USAGE = YES_ERROR;
				CLANG_WARN_DOCUMENTATION_COMMENTS = YES;
				CLANG_WARN_EMPTY_BODY = YES;
				CLANG_WARN_ENUM_CONVERSION = YES;
				CLANG_WARN_INFINITE_RECURSION = YES;
				CLANG_WARN_INT_CONVERSION = YES;
				CLANG_WARN_NON_LITERAL_NULL_CONVERSION = YES;
				CLANG_WARN_OBJC_LITERAL_CONVERSION = YES;
				CLANG_WARN_OBJC_ROOT_CLASS = YES_ERROR;
				CLANG_WARN_RANGE_LOOP_ANALYSIS = YES;
				CLANG_WARN_STRICT_PROTOTYPES = YES;
				CLANG_WARN_SUSPICIOUS_MOVE = YES;
				CLANG_WARN_UNGUARDED_AVAILABILITY = YES_AGGRESSIVE;
				CLANG_WARN_UNREACHABLE_CODE = YES;
				CLANG_WARN__DUPLICATE_METHOD_MATCH = YES;
				CODE_SIGN_IDENTITY = "iPhone Developer";
				COPY_PHASE_STRIP = NO;
				DEBUG_INFORMATION_FORMAT = "dwarf-with-dsym";
				ENABLE_NS_ASSERTIONS = NO;
				ENABLE_STRICT_OBJC_MSGSEND = YES;
				GCC_C_LANGUAGE_STANDARD = gnu11;
				GCC_NO_COMMON_BLOCKS = YES;
				GCC_WARN_64_TO_32_BIT_CONVERSION = YES;
				GCC_WARN_ABOUT_RETURN_TYPE = YES_ERROR;
				GCC_WARN_UNDECLARED_SELECTOR = YES;
				GCC_WARN_UNINITIALIZED_AUTOS = YES_AGGRESSIVE;
				GCC_WARN_UNUSED_FUNCTION = YES;
				GCC_WARN_UNUSED_VARIABLE = YES;
				IPHONEOS_DEPLOYMENT_TARGET = 11.1;
				MTL_ENABLE_DEBUG_INFO = NO;
				SDKROOT = iphoneos;
				VALIDATE_PRODUCT = YES;
			};
			name = Release;
		};
		CC797F071FD143A900BF0EB1 /* Debug */ = {
			isa = XCBuildConfiguration;
			baseConfigurationReference = 8F07D260D10670C5B768A30E /* Pods-LYSKitSDKTest.debug.xcconfig */;
			buildSettings = {
				ASSETCATALOG_COMPILER_APPICON_NAME = AppIcon;
				CODE_SIGN_STYLE = Manual;
				DEVELOPMENT_TEAM = "";
				INFOPLIST_FILE = LYSKitSDKTest/Info.plist;
				LD_RUNPATH_SEARCH_PATHS = "$(inherited) @executable_path/Frameworks";
				PRODUCT_BUNDLE_IDENTIFIER = LYS.LYSKitSDKTest;
				PRODUCT_NAME = "$(TARGET_NAME)";
				PROVISIONING_PROFILE_SPECIFIER = "";
				TARGETED_DEVICE_FAMILY = "1,2";
			};
			name = Debug;
		};
		CC797F081FD143A900BF0EB1 /* Release */ = {
			isa = XCBuildConfiguration;
			baseConfigurationReference = 87E8EEEFAD24D09B6B01A6F6 /* Pods-LYSKitSDKTest.release.xcconfig */;
			buildSettings = {
				ASSETCATALOG_COMPILER_APPICON_NAME = AppIcon;
				CODE_SIGN_STYLE = Manual;
				DEVELOPMENT_TEAM = "";
				INFOPLIST_FILE = LYSKitSDKTest/Info.plist;
				LD_RUNPATH_SEARCH_PATHS = "$(inherited) @executable_path/Frameworks";
				PRODUCT_BUNDLE_IDENTIFIER = LYS.LYSKitSDKTest;
				PRODUCT_NAME = "$(TARGET_NAME)";
				PROVISIONING_PROFILE_SPECIFIER = "";
				TARGETED_DEVICE_FAMILY = "1,2";
			};
			name = Release;
		};
/* End XCBuildConfiguration section */

/* Begin XCConfigurationList section */
		CC797EEB1FD143A900BF0EB1 /* Build configuration list for PBXProject "LYSKitSDKTest" */ = {
			isa = XCConfigurationList;
			buildConfigurations = (
				CC797F041FD143A900BF0EB1 /* Debug */,
				CC797F051FD143A900BF0EB1 /* Release */,
			);
			defaultConfigurationIsVisible = 0;
			defaultConfigurationName = Release;
		};
		CC797F061FD143A900BF0EB1 /* Build configuration list for PBXNativeTarget "LYSKitSDKTest" */ = {
			isa = XCConfigurationList;
			buildConfigurations = (
				CC797F071FD143A900BF0EB1 /* Debug */,
				CC797F081FD143A900BF0EB1 /* Release */,
			);
			defaultConfigurationIsVisible = 0;
			defaultConfigurationName = Release;
		};
/* End XCConfigurationList section */
	};
	rootObject = CC797EE81FD143A900BF0EB1 /* Project object */;
}
