// !$*UTF8*$!
{
	archiveVersion = 1;
	classes = {
	};
	objectVersion = 50;
	objects = {

/* Begin PBXBuildFile section */
		CC5BE0E4228E545C000795A1 /* README.md in Resources */ = {isa = PBXBuildFile; fileRef = CC5BE0E3228E545C000795A1 /* README.md */; };
		CC622946208A27F5000D9E1A /* LYSKit.podspec in Resources */ = {isa = PBXBuildFile; fileRef = CC622945208A27F4000D9E1A /* LYSKit.podspec */; };
		CC622968208A29AF000D9E1A /* LYSDateManager.m in Sources */ = {isa = PBXBuildFile; fileRef = CC62294A208A29AD000D9E1A /* LYSDateManager.m */; };
		CC622969208A29AF000D9E1A /* LYSKeyedArchiverManager.m in Sources */ = {isa = PBXBuildFile; fileRef = CC62294C208A29AD000D9E1A /* LYSKeyedArchiverManager.m */; };
		CC62296A208A29AF000D9E1A /* UIViewController+LYSCategory.m in Sources */ = {isa = PBXBuildFile; fileRef = CC62294E208A29AD000D9E1A /* UIViewController+LYSCategory.m */; };
		CC62296B208A29AF000D9E1A /* LYSDefineManager.m in Sources */ = {isa = PBXBuildFile; fileRef = CC62294F208A29AD000D9E1A /* LYSDefineManager.m */; };
		CC62296C208A29AF000D9E1A /* LYSandboxManager.m in Sources */ = {isa = PBXBuildFile; fileRef = CC622953208A29AD000D9E1A /* LYSandboxManager.m */; };
		CC62296D208A29AF000D9E1A /* UIView+LYSCategory.m in Sources */ = {isa = PBXBuildFile; fileRef = CC622956208A29AE000D9E1A /* UIView+LYSCategory.m */; };
		CC62296E208A29AF000D9E1A /* UIImage+LYSCategory.m in Sources */ = {isa = PBXBuildFile; fileRef = CC622958208A29AE000D9E1A /* UIImage+LYSCategory.m */; };
		CC62296F208A29AF000D9E1A /* LYSAPPDelegateManager.m in Sources */ = {isa = PBXBuildFile; fileRef = CC622959208A29AE000D9E1A /* LYSAPPDelegateManager.m */; };
		CC622970208A29AF000D9E1A /* NSDictionary+LYSCategory.m in Sources */ = {isa = PBXBuildFile; fileRef = CC62295A208A29AE000D9E1A /* NSDictionary+LYSCategory.m */; };
		CC622971208A29AF000D9E1A /* LYSKVOManager.m in Sources */ = {isa = PBXBuildFile; fileRef = CC62295F208A29AE000D9E1A /* LYSKVOManager.m */; };
		CC622972208A29AF000D9E1A /* UINavigationBar+LYSCategory.m in Sources */ = {isa = PBXBuildFile; fileRef = CC622961208A29AF000D9E1A /* UINavigationBar+LYSCategory.m */; };
		CC622973208A29AF000D9E1A /* LYSGCDManager.m in Sources */ = {isa = PBXBuildFile; fileRef = CC622962208A29AF000D9E1A /* LYSGCDManager.m */; };
		CC622974208A29AF000D9E1A /* NSDate+LYSCategory.m in Sources */ = {isa = PBXBuildFile; fileRef = CC622964208A29AF000D9E1A /* NSDate+LYSCategory.m */; };
		CC622975208A29AF000D9E1A /* NSString+LYSCategory.m in Sources */ = {isa = PBXBuildFile; fileRef = CC622965208A29AF000D9E1A /* NSString+LYSCategory.m */; };
		CC622976208A29AF000D9E1A /* UITabBar+LYSCategory.m in Sources */ = {isa = PBXBuildFile; fileRef = CC622966208A29AF000D9E1A /* UITabBar+LYSCategory.m */; };
		CC622977208A29AF000D9E1A /* LYSRuntimeManager.m in Sources */ = {isa = PBXBuildFile; fileRef = CC622967208A29AF000D9E1A /* LYSRuntimeManager.m */; };
		CC67B593213E5F77002442B0 /* NSArray+LYSCategory.m in Sources */ = {isa = PBXBuildFile; fileRef = CC67B592213E5F77002442B0 /* NSArray+LYSCategory.m */; };
		CC67B596213E628F002442B0 /* UIView+LYSFrame.m in Sources */ = {isa = PBXBuildFile; fileRef = CC67B595213E628F002442B0 /* UIView+LYSFrame.m */; };
		CC8AA9E5228BABC600DAD2A3 /* LYSEncryptManager.m in Sources */ = {isa = PBXBuildFile; fileRef = CC8AA9E4228BABC600DAD2A3 /* LYSEncryptManager.m */; };
		CCABE446216D877C00A4D3B0 /* LYSCodeManager.m in Sources */ = {isa = PBXBuildFile; fileRef = CCABE445216D877C00A4D3B0 /* LYSCodeManager.m */; };
		CCC90D912089B0BF00CA4F8E /* AppDelegate.m in Sources */ = {isa = PBXBuildFile; fileRef = CCC90D902089B0BF00CA4F8E /* AppDelegate.m */; };
		CCC90D942089B0BF00CA4F8E /* ViewController.m in Sources */ = {isa = PBXBuildFile; fileRef = CCC90D932089B0BF00CA4F8E /* ViewController.m */; };
		CCC90D972089B0BF00CA4F8E /* Main.storyboard in Resources */ = {isa = PBXBuildFile; fileRef = CCC90D952089B0BF00CA4F8E /* Main.storyboard */; };
		CCC90D992089B0C000CA4F8E /* Assets.xcassets in Resources */ = {isa = PBXBuildFile; fileRef = CCC90D982089B0C000CA4F8E /* Assets.xcassets */; };
		CCC90D9C2089B0C000CA4F8E /* LaunchScreen.storyboard in Resources */ = {isa = PBXBuildFile; fileRef = CCC90D9A2089B0C000CA4F8E /* LaunchScreen.storyboard */; };
		CCC90D9F2089B0C000CA4F8E /* main.m in Sources */ = {isa = PBXBuildFile; fileRef = CCC90D9E2089B0C000CA4F8E /* main.m */; };
		CCC90DA92089B0C000CA4F8E /* LYSKitDemoTests.m in Sources */ = {isa = PBXBuildFile; fileRef = CCC90DA82089B0C000CA4F8E /* LYSKitDemoTests.m */; };
		CCC90DB42089B0C000CA4F8E /* LYSKitDemoUITests.m in Sources */ = {isa = PBXBuildFile; fileRef = CCC90DB32089B0C000CA4F8E /* LYSKitDemoUITests.m */; };
/* End PBXBuildFile section */

/* Begin PBXContainerItemProxy section */
		CCC90DA52089B0C000CA4F8E /* PBXContainerItemProxy */ = {
			isa = PBXContainerItemProxy;
			containerPortal = CCC90D842089B0BF00CA4F8E /* Project object */;
			proxyType = 1;
			remoteGlobalIDString = CCC90D8B2089B0BF00CA4F8E;
			remoteInfo = LYSKitDemo;
		};
		CCC90DB02089B0C000CA4F8E /* PBXContainerItemProxy */ = {
			isa = PBXContainerItemProxy;
			containerPortal = CCC90D842089B0BF00CA4F8E /* Project object */;
			proxyType = 1;
			remoteGlobalIDString = CCC90D8B2089B0BF00CA4F8E;
			remoteInfo = LYSKitDemo;
		};
/* End PBXContainerItemProxy section */

/* Begin PBXFileReference section */
		CC5BE0E3228E545C000795A1 /* README.md */ = {isa = PBXFileReference; fileEncoding = 4; lastKnownFileType = net.daringfireball.markdown; name = README.md; path = ../../../README.md; sourceTree = "<group>"; };
		CC622945208A27F4000D9E1A /* LYSKit.podspec */ = {isa = PBXFileReference; fileEncoding = 4; lastKnownFileType = text; name = LYSKit.podspec; path = ../../../LYSKit.podspec; sourceTree = "<group>"; };
		CC622947208A29AD000D9E1A /* LYSAPPDelegateManager.h */ = {isa = PBXFileReference; fileEncoding = 4; lastKnownFileType = sourcecode.c.h; path = LYSAPPDelegateManager.h; sourceTree = "<group>"; };
		CC622948208A29AD000D9E1A /* LYSDateManager.h */ = {isa = PBXFileReference; fileEncoding = 4; lastKnownFileType = sourcecode.c.h; path = LYSDateManager.h; sourceTree = "<group>"; };
		CC622949208A29AD000D9E1A /* LYSRuntimeManager.h */ = {isa = PBXFileReference; fileEncoding = 4; lastKnownFileType = sourcecode.c.h; path = LYSRuntimeManager.h; sourceTree = "<group>"; };
		CC62294A208A29AD000D9E1A /* LYSDateManager.m */ = {isa = PBXFileReference; fileEncoding = 4; lastKnownFileType = sourcecode.c.objc; path = LYSDateManager.m; sourceTree = "<group>"; };
		CC62294B208A29AD000D9E1A /* NSDate+LYSCategory.h */ = {isa = PBXFileReference; fileEncoding = 4; lastKnownFileType = sourcecode.c.h; path = "NSDate+LYSCategory.h"; sourceTree = "<group>"; };
		CC62294C208A29AD000D9E1A /* LYSKeyedArchiverManager.m */ = {isa = PBXFileReference; fileEncoding = 4; lastKnownFileType = sourcecode.c.objc; path = LYSKeyedArchiverManager.m; sourceTree = "<group>"; };
		CC62294D208A29AD000D9E1A /* UIView+LYSCategory.h */ = {isa = PBXFileReference; fileEncoding = 4; lastKnownFileType = sourcecode.c.h; path = "UIView+LYSCategory.h"; sourceTree = "<group>"; };
		CC62294E208A29AD000D9E1A /* UIViewController+LYSCategory.m */ = {isa = PBXFileReference; fileEncoding = 4; lastKnownFileType = sourcecode.c.objc; path = "UIViewController+LYSCategory.m"; sourceTree = "<group>"; };
		CC62294F208A29AD000D9E1A /* LYSDefineManager.m */ = {isa = PBXFileReference; fileEncoding = 4; lastKnownFileType = sourcecode.c.objc; path = LYSDefineManager.m; sourceTree = "<group>"; };
		CC622950208A29AD000D9E1A /* LYSDefineManager.h */ = {isa = PBXFileReference; fileEncoding = 4; lastKnownFileType = sourcecode.c.h; path = LYSDefineManager.h; sourceTree = "<group>"; };
		CC622951208A29AD000D9E1A /* LYSKVOManager.h */ = {isa = PBXFileReference; fileEncoding = 4; lastKnownFileType = sourcecode.c.h; path = LYSKVOManager.h; sourceTree = "<group>"; };
		CC622952208A29AD000D9E1A /* LYSandboxManager.h */ = {isa = PBXFileReference; fileEncoding = 4; lastKnownFileType = sourcecode.c.h; path = LYSandboxManager.h; sourceTree = "<group>"; };
		CC622953208A29AD000D9E1A /* LYSandboxManager.m */ = {isa = PBXFileReference; fileEncoding = 4; lastKnownFileType = sourcecode.c.objc; path = LYSandboxManager.m; sourceTree = "<group>"; };
		CC622954208A29AD000D9E1A /* LYSKit.h */ = {isa = PBXFileReference; fileEncoding = 4; lastKnownFileType = sourcecode.c.h; path = LYSKit.h; sourceTree = "<group>"; };
		CC622955208A29AE000D9E1A /* NSString+LYSCategory.h */ = {isa = PBXFileReference; fileEncoding = 4; lastKnownFileType = sourcecode.c.h; path = "NSString+LYSCategory.h"; sourceTree = "<group>"; };
		CC622956208A29AE000D9E1A /* UIView+LYSCategory.m */ = {isa = PBXFileReference; fileEncoding = 4; lastKnownFileType = sourcecode.c.objc; path = "UIView+LYSCategory.m"; sourceTree = "<group>"; };
		CC622957208A29AE000D9E1A /* NSDictionary+LYSCategory.h */ = {isa = PBXFileReference; fileEncoding = 4; lastKnownFileType = sourcecode.c.h; path = "NSDictionary+LYSCategory.h"; sourceTree = "<group>"; };
		CC622958208A29AE000D9E1A /* UIImage+LYSCategory.m */ = {isa = PBXFileReference; fileEncoding = 4; lastKnownFileType = sourcecode.c.objc; path = "UIImage+LYSCategory.m"; sourceTree = "<group>"; };
		CC622959208A29AE000D9E1A /* LYSAPPDelegateManager.m */ = {isa = PBXFileReference; fileEncoding = 4; lastKnownFileType = sourcecode.c.objc; path = LYSAPPDelegateManager.m; sourceTree = "<group>"; };
		CC62295A208A29AE000D9E1A /* NSDictionary+LYSCategory.m */ = {isa = PBXFileReference; fileEncoding = 4; lastKnownFileType = sourcecode.c.objc; path = "NSDictionary+LYSCategory.m"; sourceTree = "<group>"; };
		CC62295B208A29AE000D9E1A /* UIViewController+LYSCategory.h */ = {isa = PBXFileReference; fileEncoding = 4; lastKnownFileType = sourcecode.c.h; path = "UIViewController+LYSCategory.h"; sourceTree = "<group>"; };
		CC62295C208A29AE000D9E1A /* LYSKeyedArchiverManager.h */ = {isa = PBXFileReference; fileEncoding = 4; lastKnownFileType = sourcecode.c.h; path = LYSKeyedArchiverManager.h; sourceTree = "<group>"; };
		CC62295D208A29AE000D9E1A /* UIImage+LYSCategory.h */ = {isa = PBXFileReference; fileEncoding = 4; lastKnownFileType = sourcecode.c.h; path = "UIImage+LYSCategory.h"; sourceTree = "<group>"; };
		CC62295E208A29AE000D9E1A /* LYSGCDManager.h */ = {isa = PBXFileReference; fileEncoding = 4; lastKnownFileType = sourcecode.c.h; path = LYSGCDManager.h; sourceTree = "<group>"; };
		CC62295F208A29AE000D9E1A /* LYSKVOManager.m */ = {isa = PBXFileReference; fileEncoding = 4; lastKnownFileType = sourcecode.c.objc; path = LYSKVOManager.m; sourceTree = "<group>"; };
		CC622960208A29AE000D9E1A /* UINavigationBar+LYSCategory.h */ = {isa = PBXFileReference; fileEncoding = 4; lastKnownFileType = sourcecode.c.h; path = "UINavigationBar+LYSCategory.h"; sourceTree = "<group>"; };
		CC622961208A29AF000D9E1A /* UINavigationBar+LYSCategory.m */ = {isa = PBXFileReference; fileEncoding = 4; lastKnownFileType = sourcecode.c.objc; path = "UINavigationBar+LYSCategory.m"; sourceTree = "<group>"; };
		CC622962208A29AF000D9E1A /* LYSGCDManager.m */ = {isa = PBXFileReference; fileEncoding = 4; lastKnownFileType = sourcecode.c.objc; path = LYSGCDManager.m; sourceTree = "<group>"; };
		CC622963208A29AF000D9E1A /* UITabBar+LYSCategory.h */ = {isa = PBXFileReference; fileEncoding = 4; lastKnownFileType = sourcecode.c.h; path = "UITabBar+LYSCategory.h"; sourceTree = "<group>"; };
		CC622964208A29AF000D9E1A /* NSDate+LYSCategory.m */ = {isa = PBXFileReference; fileEncoding = 4; lastKnownFileType = sourcecode.c.objc; path = "NSDate+LYSCategory.m"; sourceTree = "<group>"; };
		CC622965208A29AF000D9E1A /* NSString+LYSCategory.m */ = {isa = PBXFileReference; fileEncoding = 4; lastKnownFileType = sourcecode.c.objc; path = "NSString+LYSCategory.m"; sourceTree = "<group>"; };
		CC622966208A29AF000D9E1A /* UITabBar+LYSCategory.m */ = {isa = PBXFileReference; fileEncoding = 4; lastKnownFileType = sourcecode.c.objc; path = "UITabBar+LYSCategory.m"; sourceTree = "<group>"; };
		CC622967208A29AF000D9E1A /* LYSRuntimeManager.m */ = {isa = PBXFileReference; fileEncoding = 4; lastKnownFileType = sourcecode.c.objc; path = LYSRuntimeManager.m; sourceTree = "<group>"; };
		CC67B591213E5F77002442B0 /* NSArray+LYSCategory.h */ = {isa = PBXFileReference; lastKnownFileType = sourcecode.c.h; path = "NSArray+LYSCategory.h"; sourceTree = "<group>"; };
		CC67B592213E5F77002442B0 /* NSArray+LYSCategory.m */ = {isa = PBXFileReference; lastKnownFileType = sourcecode.c.objc; path = "NSArray+LYSCategory.m"; sourceTree = "<group>"; };
		CC67B594213E628F002442B0 /* UIView+LYSFrame.h */ = {isa = PBXFileReference; lastKnownFileType = sourcecode.c.h; path = "UIView+LYSFrame.h"; sourceTree = "<group>"; };
		CC67B595213E628F002442B0 /* UIView+LYSFrame.m */ = {isa = PBXFileReference; lastKnownFileType = sourcecode.c.objc; path = "UIView+LYSFrame.m"; sourceTree = "<group>"; };
		CC8AA9E3228BABC600DAD2A3 /* LYSEncryptManager.h */ = {isa = PBXFileReference; lastKnownFileType = sourcecode.c.h; path = LYSEncryptManager.h; sourceTree = "<group>"; };
		CC8AA9E4228BABC600DAD2A3 /* LYSEncryptManager.m */ = {isa = PBXFileReference; lastKnownFileType = sourcecode.c.objc; path = LYSEncryptManager.m; sourceTree = "<group>"; };
		CCABE444216D877C00A4D3B0 /* LYSCodeManager.h */ = {isa = PBXFileReference; lastKnownFileType = sourcecode.c.h; path = LYSCodeManager.h; sourceTree = "<group>"; };
		CCABE445216D877C00A4D3B0 /* LYSCodeManager.m */ = {isa = PBXFileReference; lastKnownFileType = sourcecode.c.objc; path = LYSCodeManager.m; sourceTree = "<group>"; };
		CCC90D8C2089B0BF00CA4F8E /* LYSKitDemo.app */ = {isa = PBXFileReference; explicitFileType = wrapper.application; includeInIndex = 0; path = LYSKitDemo.app; sourceTree = BUILT_PRODUCTS_DIR; };
		CCC90D8F2089B0BF00CA4F8E /* AppDelegate.h */ = {isa = PBXFileReference; lastKnownFileType = sourcecode.c.h; path = AppDelegate.h; sourceTree = "<group>"; };
		CCC90D902089B0BF00CA4F8E /* AppDelegate.m */ = {isa = PBXFileReference; lastKnownFileType = sourcecode.c.objc; path = AppDelegate.m; sourceTree = "<group>"; };
		CCC90D922089B0BF00CA4F8E /* ViewController.h */ = {isa = PBXFileReference; lastKnownFileType = sourcecode.c.h; path = ViewController.h; sourceTree = "<group>"; };
		CCC90D932089B0BF00CA4F8E /* ViewController.m */ = {isa = PBXFileReference; lastKnownFileType = sourcecode.c.objc; path = ViewController.m; sourceTree = "<group>"; };
		CCC90D962089B0BF00CA4F8E /* Base */ = {isa = PBXFileReference; lastKnownFileType = file.storyboard; name = Base; path = Base.lproj/Main.storyboard; sourceTree = "<group>"; };
		CCC90D982089B0C000CA4F8E /* Assets.xcassets */ = {isa = PBXFileReference; lastKnownFileType = folder.assetcatalog; path = Assets.xcassets; sourceTree = "<group>"; };
		CCC90D9B2089B0C000CA4F8E /* Base */ = {isa = PBXFileReference; lastKnownFileType = file.storyboard; name = Base; path = Base.lproj/LaunchScreen.storyboard; sourceTree = "<group>"; };
		CCC90D9D2089B0C000CA4F8E /* Info.plist */ = {isa = PBXFileReference; lastKnownFileType = text.plist.xml; path = Info.plist; sourceTree = "<group>"; };
		CCC90D9E2089B0C000CA4F8E /* main.m */ = {isa = PBXFileReference; lastKnownFileType = sourcecode.c.objc; path = main.m; sourceTree = "<group>"; };
		CCC90DA42089B0C000CA4F8E /* LYSKitDemoTests.xctest */ = {isa = PBXFileReference; explicitFileType = wrapper.cfbundle; includeInIndex = 0; path = LYSKitDemoTests.xctest; sourceTree = BUILT_PRODUCTS_DIR; };
		CCC90DA82089B0C000CA4F8E /* LYSKitDemoTests.m */ = {isa = PBXFileReference; lastKnownFileType = sourcecode.c.objc; path = LYSKitDemoTests.m; sourceTree = "<group>"; };
		CCC90DAA2089B0C000CA4F8E /* Info.plist */ = {isa = PBXFileReference; lastKnownFileType = text.plist.xml; path = Info.plist; sourceTree = "<group>"; };
		CCC90DAF2089B0C000CA4F8E /* LYSKitDemoUITests.xctest */ = {isa = PBXFileReference; explicitFileType = wrapper.cfbundle; includeInIndex = 0; path = LYSKitDemoUITests.xctest; sourceTree = BUILT_PRODUCTS_DIR; };
		CCC90DB32089B0C000CA4F8E /* LYSKitDemoUITests.m */ = {isa = PBXFileReference; lastKnownFileType = sourcecode.c.objc; path = LYSKitDemoUITests.m; sourceTree = "<group>"; };
		CCC90DB52089B0C000CA4F8E /* Info.plist */ = {isa = PBXFileReference; lastKnownFileType = text.plist.xml; path = Info.plist; sourceTree = "<group>"; };
/* End PBXFileReference section */

/* Begin PBXFrameworksBuildPhase section */
		CCC90D892089B0BF00CA4F8E /* Frameworks */ = {
			isa = PBXFrameworksBuildPhase;
			buildActionMask = 2147483647;
			files = (
			);
			runOnlyForDeploymentPostprocessing = 0;
		};
		CCC90DA12089B0C000CA4F8E /* Frameworks */ = {
			isa = PBXFrameworksBuildPhase;
			buildActionMask = 2147483647;
			files = (
			);
			runOnlyForDeploymentPostprocessing = 0;
		};
		CCC90DAC2089B0C000CA4F8E /* Frameworks */ = {
			isa = PBXFrameworksBuildPhase;
			buildActionMask = 2147483647;
			files = (
			);
			runOnlyForDeploymentPostprocessing = 0;
		};
/* End PBXFrameworksBuildPhase section */

/* Begin PBXGroup section */
		CC622901208A27B3000D9E1A /* LYSKit */ = {
			isa = PBXGroup;
			children = (
				CC622952208A29AD000D9E1A /* LYSandboxManager.h */,
				CC622953208A29AD000D9E1A /* LYSandboxManager.m */,
				CC622947208A29AD000D9E1A /* LYSAPPDelegateManager.h */,
				CC622959208A29AE000D9E1A /* LYSAPPDelegateManager.m */,
				CC622948208A29AD000D9E1A /* LYSDateManager.h */,
				CC62294A208A29AD000D9E1A /* LYSDateManager.m */,
				CC622950208A29AD000D9E1A /* LYSDefineManager.h */,
				CC62294F208A29AD000D9E1A /* LYSDefineManager.m */,
				CC62295E208A29AE000D9E1A /* LYSGCDManager.h */,
				CC622962208A29AF000D9E1A /* LYSGCDManager.m */,
				CC62295C208A29AE000D9E1A /* LYSKeyedArchiverManager.h */,
				CC62294C208A29AD000D9E1A /* LYSKeyedArchiverManager.m */,
				CC622954208A29AD000D9E1A /* LYSKit.h */,
				CC622951208A29AD000D9E1A /* LYSKVOManager.h */,
				CC62295F208A29AE000D9E1A /* LYSKVOManager.m */,
				CC622949208A29AD000D9E1A /* LYSRuntimeManager.h */,
				CC622967208A29AF000D9E1A /* LYSRuntimeManager.m */,
				CC62294B208A29AD000D9E1A /* NSDate+LYSCategory.h */,
				CC622964208A29AF000D9E1A /* NSDate+LYSCategory.m */,
				CC622957208A29AE000D9E1A /* NSDictionary+LYSCategory.h */,
				CC62295A208A29AE000D9E1A /* NSDictionary+LYSCategory.m */,
				CC622955208A29AE000D9E1A /* NSString+LYSCategory.h */,
				CC622965208A29AF000D9E1A /* NSString+LYSCategory.m */,
				CC67B591213E5F77002442B0 /* NSArray+LYSCategory.h */,
				CC67B592213E5F77002442B0 /* NSArray+LYSCategory.m */,
				CC62295D208A29AE000D9E1A /* UIImage+LYSCategory.h */,
				CC622958208A29AE000D9E1A /* UIImage+LYSCategory.m */,
				CC622960208A29AE000D9E1A /* UINavigationBar+LYSCategory.h */,
				CC622961208A29AF000D9E1A /* UINavigationBar+LYSCategory.m */,
				CC622963208A29AF000D9E1A /* UITabBar+LYSCategory.h */,
				CC622966208A29AF000D9E1A /* UITabBar+LYSCategory.m */,
				CC62294D208A29AD000D9E1A /* UIView+LYSCategory.h */,
				CC622956208A29AE000D9E1A /* UIView+LYSCategory.m */,
				CC67B594213E628F002442B0 /* UIView+LYSFrame.h */,
				CC67B595213E628F002442B0 /* UIView+LYSFrame.m */,
				CC62295B208A29AE000D9E1A /* UIViewController+LYSCategory.h */,
				CC62294E208A29AD000D9E1A /* UIViewController+LYSCategory.m */,
				CCABE444216D877C00A4D3B0 /* LYSCodeManager.h */,
				CCABE445216D877C00A4D3B0 /* LYSCodeManager.m */,
				CC8AA9E3228BABC600DAD2A3 /* LYSEncryptManager.h */,
				CC8AA9E4228BABC600DAD2A3 /* LYSEncryptManager.m */,
			);
			name = LYSKit;
			path = ../../../LYSKit;
			sourceTree = "<group>";
		};
		CCC90D832089B0BF00CA4F8E = {
			isa = PBXGroup;
			children = (
				CCC90D8E2089B0BF00CA4F8E /* LYSKitDemo */,
				CCC90DA72089B0C000CA4F8E /* LYSKitDemoTests */,
				CCC90DB22089B0C000CA4F8E /* LYSKitDemoUITests */,
				CCC90D8D2089B0BF00CA4F8E /* Products */,
			);
			sourceTree = "<group>";
		};
		CCC90D8D2089B0BF00CA4F8E /* Products */ = {
			isa = PBXGroup;
			children = (
				CCC90D8C2089B0BF00CA4F8E /* LYSKitDemo.app */,
				CCC90DA42089B0C000CA4F8E /* LYSKitDemoTests.xctest */,
				CCC90DAF2089B0C000CA4F8E /* LYSKitDemoUITests.xctest */,
			);
			name = Products;
			sourceTree = "<group>";
		};
		CCC90D8E2089B0BF00CA4F8E /* LYSKitDemo */ = {
			isa = PBXGroup;
			children = (
				CC622945208A27F4000D9E1A /* LYSKit.podspec */,
				CC5BE0E3228E545C000795A1 /* README.md */,
				CC622901208A27B3000D9E1A /* LYSKit */,
				CCC90D8F2089B0BF00CA4F8E /* AppDelegate.h */,
				CCC90D902089B0BF00CA4F8E /* AppDelegate.m */,
				CCC90D922089B0BF00CA4F8E /* ViewController.h */,
				CCC90D932089B0BF00CA4F8E /* ViewController.m */,
				CCC90D952089B0BF00CA4F8E /* Main.storyboard */,
				CCC90D982089B0C000CA4F8E /* Assets.xcassets */,
				CCC90D9A2089B0C000CA4F8E /* LaunchScreen.storyboard */,
				CCC90D9D2089B0C000CA4F8E /* Info.plist */,
				CCC90D9E2089B0C000CA4F8E /* main.m */,
			);
			path = LYSKitDemo;
			sourceTree = "<group>";
		};
		CCC90DA72089B0C000CA4F8E /* LYSKitDemoTests */ = {
			isa = PBXGroup;
			children = (
				CCC90DA82089B0C000CA4F8E /* LYSKitDemoTests.m */,
				CCC90DAA2089B0C000CA4F8E /* Info.plist */,
			);
			path = LYSKitDemoTests;
			sourceTree = "<group>";
		};
		CCC90DB22089B0C000CA4F8E /* LYSKitDemoUITests */ = {
			isa = PBXGroup;
			children = (
				CCC90DB32089B0C000CA4F8E /* LYSKitDemoUITests.m */,
				CCC90DB52089B0C000CA4F8E /* Info.plist */,
			);
			path = LYSKitDemoUITests;
			sourceTree = "<group>";
		};
/* End PBXGroup section */

/* Begin PBXNativeTarget section */
		CCC90D8B2089B0BF00CA4F8E /* LYSKitDemo */ = {
			isa = PBXNativeTarget;
			buildConfigurationList = CCC90DB82089B0C000CA4F8E /* Build configuration list for PBXNativeTarget "LYSKitDemo" */;
			buildPhases = (
				CCC90D882089B0BF00CA4F8E /* Sources */,
				CCC90D892089B0BF00CA4F8E /* Frameworks */,
				CCC90D8A2089B0BF00CA4F8E /* Resources */,
			);
			buildRules = (
			);
			dependencies = (
			);
			name = LYSKitDemo;
			productName = LYSKitDemo;
			productReference = CCC90D8C2089B0BF00CA4F8E /* LYSKitDemo.app */;
			productType = "com.apple.product-type.application";
		};
		CCC90DA32089B0C000CA4F8E /* LYSKitDemoTests */ = {
			isa = PBXNativeTarget;
			buildConfigurationList = CCC90DBB2089B0C000CA4F8E /* Build configuration list for PBXNativeTarget "LYSKitDemoTests" */;
			buildPhases = (
				CCC90DA02089B0C000CA4F8E /* Sources */,
				CCC90DA12089B0C000CA4F8E /* Frameworks */,
				CCC90DA22089B0C000CA4F8E /* Resources */,
			);
			buildRules = (
			);
			dependencies = (
				CCC90DA62089B0C000CA4F8E /* PBXTargetDependency */,
			);
			name = LYSKitDemoTests;
			productName = LYSKitDemoTests;
			productReference = CCC90DA42089B0C000CA4F8E /* LYSKitDemoTests.xctest */;
			productType = "com.apple.product-type.bundle.unit-test";
		};
		CCC90DAE2089B0C000CA4F8E /* LYSKitDemoUITests */ = {
			isa = PBXNativeTarget;
			buildConfigurationList = CCC90DBE2089B0C000CA4F8E /* Build configuration list for PBXNativeTarget "LYSKitDemoUITests" */;
			buildPhases = (
				CCC90DAB2089B0C000CA4F8E /* Sources */,
				CCC90DAC2089B0C000CA4F8E /* Frameworks */,
				CCC90DAD2089B0C000CA4F8E /* Resources */,
			);
			buildRules = (
			);
			dependencies = (
				CCC90DB12089B0C000CA4F8E /* PBXTargetDependency */,
			);
			name = LYSKitDemoUITests;
			productName = LYSKitDemoUITests;
			productReference = CCC90DAF2089B0C000CA4F8E /* LYSKitDemoUITests.xctest */;
			productType = "com.apple.product-type.bundle.ui-testing";
		};
/* End PBXNativeTarget section */

/* Begin PBXProject section */
		CCC90D842089B0BF00CA4F8E /* Project object */ = {
			isa = PBXProject;
			attributes = {
				LastUpgradeCheck = 0930;
				ORGANIZATIONNAME = liyangshuai;
				TargetAttributes = {
					CCC90D8B2089B0BF00CA4F8E = {
						CreatedOnToolsVersion = 9.3;
					};
					CCC90DA32089B0C000CA4F8E = {
						CreatedOnToolsVersion = 9.3;
						TestTargetID = CCC90D8B2089B0BF00CA4F8E;
					};
					CCC90DAE2089B0C000CA4F8E = {
						CreatedOnToolsVersion = 9.3;
						TestTargetID = CCC90D8B2089B0BF00CA4F8E;
					};
				};
			};
			buildConfigurationList = CCC90D872089B0BF00CA4F8E /* Build configuration list for PBXProject "LYSKitDemo" */;
			compatibilityVersion = "Xcode 9.3";
			developmentRegion = en;
			hasScannedForEncodings = 0;
			knownRegions = (
				en,
				Base,
			);
			mainGroup = CCC90D832089B0BF00CA4F8E;
			productRefGroup = CCC90D8D2089B0BF00CA4F8E /* Products */;
			projectDirPath = "";
			projectRoot = "";
			targets = (
				CCC90D8B2089B0BF00CA4F8E /* LYSKitDemo */,
				CCC90DA32089B0C000CA4F8E /* LYSKitDemoTests */,
				CCC90DAE2089B0C000CA4F8E /* LYSKitDemoUITests */,
			);
		};
/* End PBXProject section */

/* Begin PBXResourcesBuildPhase section */
		CCC90D8A2089B0BF00CA4F8E /* Resources */ = {
			isa = PBXResourcesBuildPhase;
			buildActionMask = 2147483647;
			files = (
				CCC90D9C2089B0C000CA4F8E /* LaunchScreen.storyboard in Resources */,
				CCC90D992089B0C000CA4F8E /* Assets.xcassets in Resources */,
				CC5BE0E4228E545C000795A1 /* README.md in Resources */,
				CC622946208A27F5000D9E1A /* LYSKit.podspec in Resources */,
				CCC90D972089B0BF00CA4F8E /* Main.storyboard in Resources */,
			);
			runOnlyForDeploymentPostprocessing = 0;
		};
		CCC90DA22089B0C000CA4F8E /* Resources */ = {
			isa = PBXResourcesBuildPhase;
			buildActionMask = 2147483647;
			files = (
			);
			runOnlyForDeploymentPostprocessing = 0;
		};
		CCC90DAD2089B0C000CA4F8E /* Resources */ = {
			isa = PBXResourcesBuildPhase;
			buildActionMask = 2147483647;
			files = (
			);
			runOnlyForDeploymentPostprocessing = 0;
		};
/* End PBXResourcesBuildPhase section */

/* Begin PBXSourcesBuildPhase section */
		CCC90D882089B0BF00CA4F8E /* Sources */ = {
			isa = PBXSourcesBuildPhase;
			buildActionMask = 2147483647;
			files = (
				CC8AA9E5228BABC600DAD2A3 /* LYSEncryptManager.m in Sources */,
				CC622976208A29AF000D9E1A /* UITabBar+LYSCategory.m in Sources */,
				CC62296D208A29AF000D9E1A /* UIView+LYSCategory.m in Sources */,
				CC622968208A29AF000D9E1A /* LYSDateManager.m in Sources */,
				CCC90D942089B0BF00CA4F8E /* ViewController.m in Sources */,
				CC622973208A29AF000D9E1A /* LYSGCDManager.m in Sources */,
				CC67B593213E5F77002442B0 /* NSArray+LYSCategory.m in Sources */,
				CC622971208A29AF000D9E1A /* LYSKVOManager.m in Sources */,
				CC622972208A29AF000D9E1A /* UINavigationBar+LYSCategory.m in Sources */,
				CC62296F208A29AF000D9E1A /* LYSAPPDelegateManager.m in Sources */,
				CC67B596213E628F002442B0 /* UIView+LYSFrame.m in Sources */,
				CCC90D9F2089B0C000CA4F8E /* main.m in Sources */,
				CC622970208A29AF000D9E1A /* NSDictionary+LYSCategory.m in Sources */,
				CCC90D912089B0BF00CA4F8E /* AppDelegate.m in Sources */,
				CC62296C208A29AF000D9E1A /* LYSandboxManager.m in Sources */,
				CC62296E208A29AF000D9E1A /* UIImage+LYSCategory.m in Sources */,
				CC622969208A29AF000D9E1A /* LYSKeyedArchiverManager.m in Sources */,
				CC622977208A29AF000D9E1A /* LYSRuntimeManager.m in Sources */,
				CCABE446216D877C00A4D3B0 /* LYSCodeManager.m in Sources */,
				CC62296A208A29AF000D9E1A /* UIViewController+LYSCategory.m in Sources */,
				CC622975208A29AF000D9E1A /* NSString+LYSCategory.m in Sources */,
				CC62296B208A29AF000D9E1A /* LYSDefineManager.m in Sources */,
				CC622974208A29AF000D9E1A /* NSDate+LYSCategory.m in Sources */,
			);
			runOnlyForDeploymentPostprocessing = 0;
		};
		CCC90DA02089B0C000CA4F8E /* Sources */ = {
			isa = PBXSourcesBuildPhase;
			buildActionMask = 2147483647;
			files = (
				CCC90DA92089B0C000CA4F8E /* LYSKitDemoTests.m in Sources */,
			);
			runOnlyForDeploymentPostprocessing = 0;
		};
		CCC90DAB2089B0C000CA4F8E /* Sources */ = {
			isa = PBXSourcesBuildPhase;
			buildActionMask = 2147483647;
			files = (
				CCC90DB42089B0C000CA4F8E /* LYSKitDemoUITests.m in Sources */,
			);
			runOnlyForDeploymentPostprocessing = 0;
		};
/* End PBXSourcesBuildPhase section */

/* Begin PBXTargetDependency section */
		CCC90DA62089B0C000CA4F8E /* PBXTargetDependency */ = {
			isa = PBXTargetDependency;
			target = CCC90D8B2089B0BF00CA4F8E /* LYSKitDemo */;
			targetProxy = CCC90DA52089B0C000CA4F8E /* PBXContainerItemProxy */;
		};
		CCC90DB12089B0C000CA4F8E /* PBXTargetDependency */ = {
			isa = PBXTargetDependency;
			target = CCC90D8B2089B0BF00CA4F8E /* LYSKitDemo */;
			targetProxy = CCC90DB02089B0C000CA4F8E /* PBXContainerItemProxy */;
		};
/* End PBXTargetDependency section */

/* Begin PBXVariantGroup section */
		CCC90D952089B0BF00CA4F8E /* Main.storyboard */ = {
			isa = PBXVariantGroup;
			children = (
				CCC90D962089B0BF00CA4F8E /* Base */,
			);
			name = Main.storyboard;
			sourceTree = "<group>";
		};
		CCC90D9A2089B0C000CA4F8E /* LaunchScreen.storyboard */ = {
			isa = PBXVariantGroup;
			children = (
				CCC90D9B2089B0C000CA4F8E /* Base */,
			);
			name = LaunchScreen.storyboard;
			sourceTree = "<group>";
		};
/* End PBXVariantGroup section */

/* Begin XCBuildConfiguration section */
		CCC90DB62089B0C000CA4F8E /* Debug */ = {
			isa = XCBuildConfiguration;
			buildSettings = {
				ALWAYS_SEARCH_USER_PATHS = NO;
				CLANG_ANALYZER_NONNULL = YES;
				CLANG_ANALYZER_NUMBER_OBJECT_CONVERSION = YES_AGGRESSIVE;
				CLANG_CXX_LANGUAGE_STANDARD = "gnu++14";
				CLANG_CXX_LIBRARY = "libc++";
				CLANG_ENABLE_MODULES = YES;
				CLANG_ENABLE_OBJC_ARC = YES;
				CLANG_ENABLE_OBJC_WEAK = YES;
				CLANG_WARN_BLOCK_CAPTURE_AUTORELEASING = YES;
				CLANG_WARN_BOOL_CONVERSION = YES;
				CLANG_WARN_COMMA = YES;
				CLANG_WARN_CONSTANT_CONVERSION = YES;
				CLANG_WARN_DEPRECATED_OBJC_IMPLEMENTATIONS = YES;
				CLANG_WARN_DIRECT_OBJC_ISA_USAGE = YES_ERROR;
				CLANG_WARN_DOCUMENTATION_COMMENTS = YES;
				CLANG_WARN_EMPTY_BODY = YES;
				CLANG_WARN_ENUM_CONVERSION = YES;
				CLANG_WARN_INFINITE_RECURSION = YES;
				CLANG_WARN_INT_CONVERSION = YES;
				CLANG_WARN_NON_LITERAL_NULL_CONVERSION = YES;
				CLANG_WARN_OBJC_IMPLICIT_RETAIN_SELF = YES;
				CLANG_WARN_OBJC_LITERAL_CONVERSION = YES;
				CLANG_WARN_OBJC_ROOT_CLASS = YES_ERROR;
				CLANG_WARN_RANGE_LOOP_ANALYSIS = YES;
				CLANG_WARN_STRICT_PROTOTYPES = YES;
				CLANG_WARN_SUSPICIOUS_MOVE = YES;
				CLANG_WARN_UNGUARDED_AVAILABILITY = YES_AGGRESSIVE;
				CLANG_WARN_UNREACHABLE_CODE = YES;
				CLANG_WARN__DUPLICATE_METHOD_MATCH = YES;
				CODE_SIGN_IDENTITY = "iPhone Developer";
				COPY_PHASE_STRIP = NO;
				DEBUG_INFORMATION_FORMAT = dwarf;
				ENABLE_STRICT_OBJC_MSGSEND = YES;
				ENABLE_TESTABILITY = YES;
				GCC_C_LANGUAGE_STANDARD = gnu11;
				GCC_DYNAMIC_NO_PIC = NO;
				GCC_NO_COMMON_BLOCKS = YES;
				GCC_OPTIMIZATION_LEVEL = 0;
				GCC_PREPROCESSOR_DEFINITIONS = (
					"DEBUG=1",
					"$(inherited)",
				);
				GCC_WARN_64_TO_32_BIT_CONVERSION = YES;
				GCC_WARN_ABOUT_RETURN_TYPE = YES_ERROR;
				GCC_WARN_UNDECLARED_SELECTOR = YES;
				GCC_WARN_UNINITIALIZED_AUTOS = YES_AGGRESSIVE;
				GCC_WARN_UNUSED_FUNCTION = YES;
				GCC_WARN_UNUSED_VARIABLE = YES;
				IPHONEOS_DEPLOYMENT_TARGET = 11.3;
				MTL_ENABLE_DEBUG_INFO = YES;
				ONLY_ACTIVE_ARCH = YES;
				SDKROOT = iphoneos;
			};
			name = Debug;
		};
		CCC90DB72089B0C000CA4F8E /* Release */ = {
			isa = XCBuildConfiguration;
			buildSettings = {
				ALWAYS_SEARCH_USER_PATHS = NO;
				CLANG_ANALYZER_NONNULL = YES;
				CLANG_ANALYZER_NUMBER_OBJECT_CONVERSION = YES_AGGRESSIVE;
				CLANG_CXX_LANGUAGE_STANDARD = "gnu++14";
				CLANG_CXX_LIBRARY = "libc++";
				CLANG_ENABLE_MODULES = YES;
				CLANG_ENABLE_OBJC_ARC = YES;
				CLANG_ENABLE_OBJC_WEAK = YES;
				CLANG_WARN_BLOCK_CAPTURE_AUTORELEASING = YES;
				CLANG_WARN_BOOL_CONVERSION = YES;
				CLANG_WARN_COMMA = YES;
				CLANG_WARN_CONSTANT_CONVERSION = YES;
				CLANG_WARN_DEPRECATED_OBJC_IMPLEMENTATIONS = YES;
				CLANG_WARN_DIRECT_OBJC_ISA_USAGE = YES_ERROR;
				CLANG_WARN_DOCUMENTATION_COMMENTS = YES;
				CLANG_WARN_EMPTY_BODY = YES;
				CLANG_WARN_ENUM_CONVERSION = YES;
				CLANG_WARN_INFINITE_RECURSION = YES;
				CLANG_WARN_INT_CONVERSION = YES;
				CLANG_WARN_NON_LITERAL_NULL_CONVERSION = YES;
				CLANG_WARN_OBJC_IMPLICIT_RETAIN_SELF = YES;
				CLANG_WARN_OBJC_LITERAL_CONVERSION = YES;
				CLANG_WARN_OBJC_ROOT_CLASS = YES_ERROR;
				CLANG_WARN_RANGE_LOOP_ANALYSIS = YES;
				CLANG_WARN_STRICT_PROTOTYPES = YES;
				CLANG_WARN_SUSPICIOUS_MOVE = YES;
				CLANG_WARN_UNGUARDED_AVAILABILITY = YES_AGGRESSIVE;
				CLANG_WARN_UNREACHABLE_CODE = YES;
				CLANG_WARN__DUPLICATE_METHOD_MATCH = YES;
				CODE_SIGN_IDENTITY = "iPhone Developer";
				COPY_PHASE_STRIP = NO;
				DEBUG_INFORMATION_FORMAT = "dwarf-with-dsym";
				ENABLE_NS_ASSERTIONS = NO;
				ENABLE_STRICT_OBJC_MSGSEND = YES;
				GCC_C_LANGUAGE_STANDARD = gnu11;
				GCC_NO_COMMON_BLOCKS = YES;
				GCC_WARN_64_TO_32_BIT_CONVERSION = YES;
				GCC_WARN_ABOUT_RETURN_TYPE = YES_ERROR;
				GCC_WARN_UNDECLARED_SELECTOR = YES;
				GCC_WARN_UNINITIALIZED_AUTOS = YES_AGGRESSIVE;
				GCC_WARN_UNUSED_FUNCTION = YES;
				GCC_WARN_UNUSED_VARIABLE = YES;
				IPHONEOS_DEPLOYMENT_TARGET = 11.3;
				MTL_ENABLE_DEBUG_INFO = NO;
				SDKROOT = iphoneos;
				VALIDATE_PRODUCT = YES;
			};
			name = Release;
		};
		CCC90DB92089B0C000CA4F8E /* Debug */ = {
			isa = XCBuildConfiguration;
			buildSettings = {
				ASSETCATALOG_COMPILER_APPICON_NAME = AppIcon;
				CODE_SIGN_STYLE = Manual;
				DEVELOPMENT_TEAM = 7NL66VV46F;
				INFOPLIST_FILE = LYSKitDemo/Info.plist;
				IPHONEOS_DEPLOYMENT_TARGET = 8.0;
				LD_RUNPATH_SEARCH_PATHS = (
					"$(inherited)",
					"@executable_path/Frameworks",
				);
				PRODUCT_BUNDLE_IDENTIFIER = com.app.zhenjiceshi;
				PRODUCT_NAME = "$(TARGET_NAME)";
				PROVISIONING_PROFILE = "424916b8-a04e-464b-a421-39c79f8f6041";
				PROVISIONING_PROFILE_SPECIFIER = zhenjiceshi;
				TARGETED_DEVICE_FAMILY = "1,2";
			};
			name = Debug;
		};
		CCC90DBA2089B0C000CA4F8E /* Release */ = {
			isa = XCBuildConfiguration;
			buildSettings = {
				ASSETCATALOG_COMPILER_APPICON_NAME = AppIcon;
				CODE_SIGN_STYLE = Manual;
				DEVELOPMENT_TEAM = 7NL66VV46F;
				INFOPLIST_FILE = LYSKitDemo/Info.plist;
				IPHONEOS_DEPLOYMENT_TARGET = 8.0;
				LD_RUNPATH_SEARCH_PATHS = (
					"$(inherited)",
					"@executable_path/Frameworks",
				);
				PRODUCT_BUNDLE_IDENTIFIER = com.app.zhenjiceshi;
				PRODUCT_NAME = "$(TARGET_NAME)";
				PROVISIONING_PROFILE = "424916b8-a04e-464b-a421-39c79f8f6041";
				PROVISIONING_PROFILE_SPECIFIER = zhenjiceshi;
				TARGETED_DEVICE_FAMILY = "1,2";
			};
			name = Release;
		};
		CCC90DBC2089B0C000CA4F8E /* Debug */ = {
			isa = XCBuildConfiguration;
			buildSettings = {
				BUNDLE_LOADER = "$(TEST_HOST)";
				CODE_SIGN_STYLE = Automatic;
				INFOPLIST_FILE = LYSKitDemoTests/Info.plist;
				LD_RUNPATH_SEARCH_PATHS = (
					"$(inherited)",
					"@executable_path/Frameworks",
					"@loader_path/Frameworks",
				);
				PRODUCT_BUNDLE_IDENTIFIER = LYS.LYSKitDemoTests;
				PRODUCT_NAME = "$(TARGET_NAME)";
				TARGETED_DEVICE_FAMILY = "1,2";
				TEST_HOST = "$(BUILT_PRODUCTS_DIR)/LYSKitDemo.app/LYSKitDemo";
			};
			name = Debug;
		};
		CCC90DBD2089B0C000CA4F8E /* Release */ = {
			isa = XCBuildConfiguration;
			buildSettings = {
				BUNDLE_LOADER = "$(TEST_HOST)";
				CODE_SIGN_STYLE = Automatic;
				INFOPLIST_FILE = LYSKitDemoTests/Info.plist;
				LD_RUNPATH_SEARCH_PATHS = (
					"$(inherited)",
					"@executable_path/Frameworks",
					"@loader_path/Frameworks",
				);
				PRODUCT_BUNDLE_IDENTIFIER = LYS.LYSKitDemoTests;
				PRODUCT_NAME = "$(TARGET_NAME)";
				TARGETED_DEVICE_FAMILY = "1,2";
				TEST_HOST = "$(BUILT_PRODUCTS_DIR)/LYSKitDemo.app/LYSKitDemo";
			};
			name = Release;
		};
		CCC90DBF2089B0C000CA4F8E /* Debug */ = {
			isa = XCBuildConfiguration;
			buildSettings = {
				CODE_SIGN_STYLE = Automatic;
				INFOPLIST_FILE = LYSKitDemoUITests/Info.plist;
				LD_RUNPATH_SEARCH_PATHS = (
					"$(inherited)",
					"@executable_path/Frameworks",
					"@loader_path/Frameworks",
				);
				PRODUCT_BUNDLE_IDENTIFIER = LYS.LYSKitDemoUITests;
				PRODUCT_NAME = "$(TARGET_NAME)";
				TARGETED_DEVICE_FAMILY = "1,2";
				TEST_TARGET_NAME = LYSKitDemo;
			};
			name = Debug;
		};
		CCC90DC02089B0C000CA4F8E /* Release */ = {
			isa = XCBuildConfiguration;
			buildSettings = {
				CODE_SIGN_STYLE = Automatic;
				INFOPLIST_FILE = LYSKitDemoUITests/Info.plist;
				LD_RUNPATH_SEARCH_PATHS = (
					"$(inherited)",
					"@executable_path/Frameworks",
					"@loader_path/Frameworks",
				);
				PRODUCT_BUNDLE_IDENTIFIER = LYS.LYSKitDemoUITests;
				PRODUCT_NAME = "$(TARGET_NAME)";
				TARGETED_DEVICE_FAMILY = "1,2";
				TEST_TARGET_NAME = LYSKitDemo;
			};
			name = Release;
		};
/* End XCBuildConfiguration section */

/* Begin XCConfigurationList section */
		CCC90D872089B0BF00CA4F8E /* Build configuration list for PBXProject "LYSKitDemo" */ = {
			isa = XCConfigurationList;
			buildConfigurations = (
				CCC90DB62089B0C000CA4F8E /* Debug */,
				CCC90DB72089B0C000CA4F8E /* Release */,
			);
			defaultConfigurationIsVisible = 0;
			defaultConfigurationName = Release;
		};
		CCC90DB82089B0C000CA4F8E /* Build configuration list for PBXNativeTarget "LYSKitDemo" */ = {
			isa = XCConfigurationList;
			buildConfigurations = (
				CCC90DB92089B0C000CA4F8E /* Debug */,
				CCC90DBA2089B0C000CA4F8E /* Release */,
			);
			defaultConfigurationIsVisible = 0;
			defaultConfigurationName = Release;
		};
		CCC90DBB2089B0C000CA4F8E /* Build configuration list for PBXNativeTarget "LYSKitDemoTests" */ = {
			isa = XCConfigurationList;
			buildConfigurations = (
				CCC90DBC2089B0C000CA4F8E /* Debug */,
				CCC90DBD2089B0C000CA4F8E /* Release */,
			);
			defaultConfigurationIsVisible = 0;
			defaultConfigurationName = Release;
		};
		CCC90DBE2089B0C000CA4F8E /* Build configuration list for PBXNativeTarget "LYSKitDemoUITests" */ = {
			isa = XCConfigurationList;
			buildConfigurations = (
				CCC90DBF2089B0C000CA4F8E /* Debug */,
				CCC90DC02089B0C000CA4F8E /* Release */,
			);
			defaultConfigurationIsVisible = 0;
			defaultConfigurationName = Release;
		};
/* End XCConfigurationList section */
	};
	rootObject = CCC90D842089B0BF00CA4F8E /* Project object */;
}
